
Microsoft Visual Studio Solution File, Format Version 12.00
# Visual Studio 15
VisualStudioVersion = 15.0.26730.16
MinimumVisualStudioVersion = 10.0.40219.1
Project("{FAE04EC0-301F-11D3-BF4B-00C04F79EFBC}") = "FamilyResearch.Data", "FamilyResearch.Data\FamilyResearch.Data.csproj", "{AA9AAD3D-05A1-4DFC-8EBD-04858E5D28FB}"
EndProject
Project("{FAE04EC0-301F-11D3-BF4B-00C04F79EFBC}") = "FamilyResearch.UI", "FamilyResearch.UI\FamilyResearch.UI.csproj", "{8199F743-7801-4475-92A2-8685FA024FD0}"
EndProject
Project("{FAE04EC0-301F-11D3-BF4B-00C04F79EFBC}") = "FamilyResearch.Logic", "FamilyResearch.Logic\FamilyResearch.Logic.csproj", "{2504DED1-8097-4217-8D0D-89570A376E4F}"
EndProject
Global
	GlobalSection(SolutionConfigurationPlatforms) = preSolution
		Debug|Any CPU = Debug|Any CPU
		Release|Any CPU = Release|Any CPU
	EndGlobalSection
	GlobalSection(ProjectConfigurationPlatforms) = postSolution
		{AA9AAD3D-05A1-4DFC-8EBD-04858E5D28FB}.Debug|Any CPU.ActiveCfg = Debug|Any CPU
		{AA9AAD3D-05A1-4DFC-8EBD-04858E5D28FB}.Debug|Any CPU.Build.0 = Debug|Any CPU
		{AA9AAD3D-05A1-4DFC-8EBD-04858E5D28FB}.Release|Any CPU.ActiveCfg = Release|Any CPU
		{AA9AAD3D-05A1-4DFC-8EBD-04858E5D28FB}.Release|Any CPU.Build.0 = Release|Any CPU
		{8199F743-7801-4475-92A2-8685FA024FD0}.Debug|Any CPU.ActiveCfg = Debug|Any CPU
		{8199F743-7801-4475-92A2-8685FA024FD0}.Debug|Any CPU.Build.0 = Debug|Any CPU
		{8199F743-7801-4475-92A2-8685FA024FD0}.Release|Any CPU.ActiveCfg = Release|Any CPU
		{8199F743-7801-4475-92A2-8685FA024FD0}.Release|Any CPU.Build.0 = Release|Any CPU
		{2504DED1-8097-4217-8D0D-89570A376E4F}.Debug|Any CPU.ActiveCfg = Debug|Any CPU
		{2504DED1-8097-4217-8D0D-89570A376E4F}.Debug|Any CPU.Build.0 = Debug|Any CPU
		{2504DED1-8097-4217-8D0D-89570A376E4F}.Release|Any CPU.ActiveCfg = Release|Any CPU
		{2504DED1-8097-4217-8D0D-89570A376E4F}.Release|Any CPU.Build.0 = Release|Any CPU
	EndGlobalSection
	GlobalSection(SolutionProperties) = preSolution
		HideSolutionNode = FALSE
	EndGlobalSection
	GlobalSection(ExtensibilityGlobals) = postSolution
		SolutionGuid = {AF753AEB-99F3-4421-BD7B-839151DF9B36}
	EndGlobalSection
EndGlobal
